// !$*UTF8*$!
{
	archiveVersion = 1;
	classes = {
	};
	objectVersion = 46;
	objects = {

/* Begin PBXBuildFile section */
		063223AD1A06C563003EDF35 /* Foundation.framework in Frameworks */ = {isa = PBXBuildFile; fileRef = 063223AC1A06C563003EDF35 /* Foundation.framework */; };
		063223AF1A06C563003EDF35 /* CoreGraphics.framework in Frameworks */ = {isa = PBXBuildFile; fileRef = 063223AE1A06C563003EDF35 /* CoreGraphics.framework */; };
		063223B11A06C563003EDF35 /* UIKit.framework in Frameworks */ = {isa = PBXBuildFile; fileRef = 063223B01A06C563003EDF35 /* UIKit.framework */; };
		063223B71A06C563003EDF35 /* InfoPlist.strings in Resources */ = {isa = PBXBuildFile; fileRef = 063223B51A06C563003EDF35 /* InfoPlist.strings */; };
		063223B91A06C563003EDF35 /* main.m in Sources */ = {isa = PBXBuildFile; fileRef = 063223B81A06C563003EDF35 /* main.m */; };
		063223BD1A06C563003EDF35 /* CAVAppDelegate.m in Sources */ = {isa = PBXBuildFile; fileRef = 063223BC1A06C563003EDF35 /* CAVAppDelegate.m */; };
		063223C61A06C563003EDF35 /* CAVViewController.m in Sources */ = {isa = PBXBuildFile; fileRef = 063223C51A06C563003EDF35 /* CAVViewController.m */; };
		063223C81A06C563003EDF35 /* Images.xcassets in Resources */ = {isa = PBXBuildFile; fileRef = 063223C71A06C563003EDF35 /* Images.xcassets */; };
		063223CF1A06C563003EDF35 /* XCTest.framework in Frameworks */ = {isa = PBXBuildFile; fileRef = 063223CE1A06C563003EDF35 /* XCTest.framework */; };
		063223D01A06C563003EDF35 /* Foundation.framework in Frameworks */ = {isa = PBXBuildFile; fileRef = 063223AC1A06C563003EDF35 /* Foundation.framework */; };
		063223D11A06C563003EDF35 /* UIKit.framework in Frameworks */ = {isa = PBXBuildFile; fileRef = 063223B01A06C563003EDF35 /* UIKit.framework */; };
		063223D91A06C563003EDF35 /* InfoPlist.strings in Resources */ = {isa = PBXBuildFile; fileRef = 063223D71A06C563003EDF35 /* InfoPlist.strings */; };
		063223DB1A06C563003EDF35 /* ComputerAvailabilityVisualizerTests.m in Sources */ = {isa = PBXBuildFile; fileRef = 063223DA1A06C563003EDF35 /* ComputerAvailabilityVisualizerTests.m */; };
		06A099B81A06CBE1008E03C7 /* Storyboard.storyboard in Resources */ = {isa = PBXBuildFile; fileRef = 06A099B71A06CBE1008E03C7 /* Storyboard.storyboard */; };
		06A099BC1A06CC3C008E03C7 /* CAVMapViewController.swift in Sources */ = {isa = PBXBuildFile; fileRef = 06A099BB1A06CC3C008E03C7 /* CAVMapViewController.swift */; };
		06A099BE1A06CC8B008E03C7 /* CAVLabAnnotationView.swift in Sources */ = {isa = PBXBuildFile; fileRef = 06A099BD1A06CC8B008E03C7 /* CAVLabAnnotationView.swift */; };
		06A099C11A06CCA4008E03C7 /* CAVParticleAttributes.m in Sources */ = {isa = PBXBuildFile; fileRef = 06A099C01A06CCA4008E03C7 /* CAVParticleAttributes.m */; };
		06A099C31A06CCC6008E03C7 /* CAVLabDetailsViewController.swift in Sources */ = {isa = PBXBuildFile; fileRef = 06A099C21A06CCC6008E03C7 /* CAVLabDetailsViewController.swift */; };
		06A099C61A06CCEF008E03C7 /* CAVLab.m in Sources */ = {isa = PBXBuildFile; fileRef = 06A099C51A06CCEF008E03C7 /* CAVLab.m */; };
		06A099C91A06CD03008E03C7 /* CAVSharedLabsStore.m in Sources */ = {isa = PBXBuildFile; fileRef = 06A099C81A06CD03008E03C7 /* CAVSharedLabsStore.m */; };
		06A099CC1A06CD1F008E03C7 /* CAVSharedAlertManager.m in Sources */ = {isa = PBXBuildFile; fileRef = 06A099CB1A06CD1F008E03C7 /* CAVSharedAlertManager.m */; };
		06A099CF1A06CD41008E03C7 /* CAVSceneViewController.m in Sources */ = {isa = PBXBuildFile; fileRef = 06A099CE1A06CD41008E03C7 /* CAVSceneViewController.m */; };
		06A099D21A06CD80008E03C7 /* CAVInteractionLayerViewController.m in Sources */ = {isa = PBXBuildFile; fileRef = 06A099D11A06CD80008E03C7 /* CAVInteractionLayerViewController.m */; };
		06A099D81A06D354008E03C7 /* GLKit.framework in Frameworks */ = {isa = PBXBuildFile; fileRef = 06A099D71A06D354008E03C7 /* GLKit.framework */; };
		06A099DA1A06D38B008E03C7 /* OpenGLES.framework in Frameworks */ = {isa = PBXBuildFile; fileRef = 06A099D91A06D38B008E03C7 /* OpenGLES.framework */; };
		06A099DB1A06D470008E03C7 /* MapKit.framework in Frameworks */ = {isa = PBXBuildFile; fileRef = 06A099D31A06D1C5008E03C7 /* MapKit.framework */; };
		06C54A6D1A103C0E00BF2EFB /* particles-es2.0.v in Resources */ = {isa = PBXBuildFile; fileRef = 06C54A6C1A103C0E00BF2EFB /* particles-es2.0.v */; };
		06C54A6F1A103C4E00BF2EFB /* particles-es2.0.f in Sources */ = {isa = PBXBuildFile; fileRef = 06C54A6E1A103C4E00BF2EFB /* particles-es2.0.f */; };
		06C54A711A103C8000BF2EFB /* particles-es3.0.v in Resources */ = {isa = PBXBuildFile; fileRef = 06C54A701A103C8000BF2EFB /* particles-es3.0.v */; };
		06C54A731A103C8B00BF2EFB /* particles-es3.0.f in Sources */ = {isa = PBXBuildFile; fileRef = 06C54A721A103C8B00BF2EFB /* particles-es3.0.f */; };
/* End PBXBuildFile section */

/* Begin PBXContainerItemProxy section */
		063223D21A06C563003EDF35 /* PBXContainerItemProxy */ = {
			isa = PBXContainerItemProxy;
			containerPortal = 063223A11A06C563003EDF35 /* Project object */;
			proxyType = 1;
			remoteGlobalIDString = 063223A81A06C563003EDF35;
			remoteInfo = ComputerAvailabilityVisualizer;
		};
/* End PBXContainerItemProxy section */

/* Begin PBXFileReference section */
		063223A91A06C563003EDF35 /* ComputerAvailabilityVisualizer.app */ = {isa = PBXFileReference; explicitFileType = wrapper.application; includeInIndex = 0; path = ComputerAvailabilityVisualizer.app; sourceTree = BUILT_PRODUCTS_DIR; };
		063223AC1A06C563003EDF35 /* Foundation.framework */ = {isa = PBXFileReference; lastKnownFileType = wrapper.framework; name = Foundation.framework; path = System/Library/Frameworks/Foundation.framework; sourceTree = SDKROOT; };
		063223AE1A06C563003EDF35 /* CoreGraphics.framework */ = {isa = PBXFileReference; lastKnownFileType = wrapper.framework; name = CoreGraphics.framework; path = System/Library/Frameworks/CoreGraphics.framework; sourceTree = SDKROOT; };
		063223B01A06C563003EDF35 /* UIKit.framework */ = {isa = PBXFileReference; lastKnownFileType = wrapper.framework; name = UIKit.framework; path = System/Library/Frameworks/UIKit.framework; sourceTree = SDKROOT; };
		063223B41A06C563003EDF35 /* ComputerAvailabilityVisualizer-Info.plist */ = {isa = PBXFileReference; lastKnownFileType = text.plist.xml; path = "ComputerAvailabilityVisualizer-Info.plist"; sourceTree = "<group>"; };
		063223B61A06C563003EDF35 /* en */ = {isa = PBXFileReference; lastKnownFileType = text.plist.strings; name = en; path = en.lproj/InfoPlist.strings; sourceTree = "<group>"; };
		063223B81A06C563003EDF35 /* main.m */ = {isa = PBXFileReference; lastKnownFileType = sourcecode.c.objc; path = main.m; sourceTree = "<group>"; };
		063223BA1A06C563003EDF35 /* ComputerAvailabilityVisualizer-Prefix.pch */ = {isa = PBXFileReference; lastKnownFileType = sourcecode.c.h; path = "ComputerAvailabilityVisualizer-Prefix.pch"; sourceTree = "<group>"; };
		063223BB1A06C563003EDF35 /* CAVAppDelegate.h */ = {isa = PBXFileReference; lastKnownFileType = sourcecode.c.h; path = CAVAppDelegate.h; sourceTree = "<group>"; };
		063223BC1A06C563003EDF35 /* CAVAppDelegate.m */ = {isa = PBXFileReference; lastKnownFileType = sourcecode.c.objc; path = CAVAppDelegate.m; sourceTree = "<group>"; };
		063223C41A06C563003EDF35 /* CAVViewController.h */ = {isa = PBXFileReference; lastKnownFileType = sourcecode.c.h; path = CAVViewController.h; sourceTree = "<group>"; };
		063223C51A06C563003EDF35 /* CAVViewController.m */ = {isa = PBXFileReference; lastKnownFileType = sourcecode.c.objc; path = CAVViewController.m; sourceTree = "<group>"; };
		063223C71A06C563003EDF35 /* Images.xcassets */ = {isa = PBXFileReference; lastKnownFileType = folder.assetcatalog; path = Images.xcassets; sourceTree = "<group>"; };
		063223CD1A06C563003EDF35 /* ComputerAvailabilityVisualizerTests.xctest */ = {isa = PBXFileReference; explicitFileType = wrapper.cfbundle; includeInIndex = 0; path = ComputerAvailabilityVisualizerTests.xctest; sourceTree = BUILT_PRODUCTS_DIR; };
		063223CE1A06C563003EDF35 /* XCTest.framework */ = {isa = PBXFileReference; lastKnownFileType = wrapper.framework; name = XCTest.framework; path = Library/Frameworks/XCTest.framework; sourceTree = DEVELOPER_DIR; };
		063223D61A06C563003EDF35 /* ComputerAvailabilityVisualizerTests-Info.plist */ = {isa = PBXFileReference; lastKnownFileType = text.plist.xml; path = "ComputerAvailabilityVisualizerTests-Info.plist"; sourceTree = "<group>"; };
		063223D81A06C563003EDF35 /* en */ = {isa = PBXFileReference; lastKnownFileType = text.plist.strings; name = en; path = en.lproj/InfoPlist.strings; sourceTree = "<group>"; };
		063223DA1A06C563003EDF35 /* ComputerAvailabilityVisualizerTests.m */ = {isa = PBXFileReference; lastKnownFileType = sourcecode.c.objc; path = ComputerAvailabilityVisualizerTests.m; sourceTree = "<group>"; };
		06A099B71A06CBE1008E03C7 /* Storyboard.storyboard */ = {isa = PBXFileReference; fileEncoding = 4; lastKnownFileType = file.storyboard; name = Storyboard.storyboard; path = ../Storyboard.storyboard; sourceTree = "<group>"; };
		06A099BA1A06CC3C008E03C7 /* ComputerAvailabilityVisualizer-Bridging-Header.h */ = {isa = PBXFileReference; lastKnownFileType = sourcecode.c.h; path = "ComputerAvailabilityVisualizer-Bridging-Header.h"; sourceTree = "<group>"; };
		06A099BB1A06CC3C008E03C7 /* CAVMapViewController.swift */ = {isa = PBXFileReference; fileEncoding = 4; lastKnownFileType = sourcecode.swift; path = CAVMapViewController.swift; sourceTree = "<group>"; };
		06A099BD1A06CC8B008E03C7 /* CAVLabAnnotationView.swift */ = {isa = PBXFileReference; fileEncoding = 4; lastKnownFileType = sourcecode.swift; path = CAVLabAnnotationView.swift; sourceTree = "<group>"; };
		06A099BF1A06CCA4008E03C7 /* CAVParticleAttributes.h */ = {isa = PBXFileReference; fileEncoding = 4; lastKnownFileType = sourcecode.c.h; path = CAVParticleAttributes.h; sourceTree = "<group>"; };
		06A099C01A06CCA4008E03C7 /* CAVParticleAttributes.m */ = {isa = PBXFileReference; fileEncoding = 4; lastKnownFileType = sourcecode.c.objc; path = CAVParticleAttributes.m; sourceTree = "<group>"; };
		06A099C21A06CCC6008E03C7 /* CAVLabDetailsViewController.swift */ = {isa = PBXFileReference; fileEncoding = 4; lastKnownFileType = sourcecode.swift; path = CAVLabDetailsViewController.swift; sourceTree = "<group>"; };
		06A099C41A06CCEF008E03C7 /* CAVLab.h */ = {isa = PBXFileReference; fileEncoding = 4; lastKnownFileType = sourcecode.c.h; path = CAVLab.h; sourceTree = "<group>"; };
		06A099C51A06CCEF008E03C7 /* CAVLab.m */ = {isa = PBXFileReference; fileEncoding = 4; lastKnownFileType = sourcecode.c.objc; path = CAVLab.m; sourceTree = "<group>"; };
		06A099C71A06CD03008E03C7 /* CAVSharedLabsStore.h */ = {isa = PBXFileReference; fileEncoding = 4; lastKnownFileType = sourcecode.c.h; path = CAVSharedLabsStore.h; sourceTree = "<group>"; };
		06A099C81A06CD03008E03C7 /* CAVSharedLabsStore.m */ = {isa = PBXFileReference; fileEncoding = 4; lastKnownFileType = sourcecode.c.objc; path = CAVSharedLabsStore.m; sourceTree = "<group>"; };
		06A099CA1A06CD1F008E03C7 /* CAVSharedAlertManager.h */ = {isa = PBXFileReference; fileEncoding = 4; lastKnownFileType = sourcecode.c.h; path = CAVSharedAlertManager.h; sourceTree = "<group>"; };
		06A099CB1A06CD1F008E03C7 /* CAVSharedAlertManager.m */ = {isa = PBXFileReference; fileEncoding = 4; lastKnownFileType = sourcecode.c.objc; path = CAVSharedAlertManager.m; sourceTree = "<group>"; };
		06A099CD1A06CD41008E03C7 /* CAVSceneViewController.h */ = {isa = PBXFileReference; fileEncoding = 4; lastKnownFileType = sourcecode.c.h; path = CAVSceneViewController.h; sourceTree = "<group>"; };
		06A099CE1A06CD41008E03C7 /* CAVSceneViewController.m */ = {isa = PBXFileReference; fileEncoding = 4; lastKnownFileType = sourcecode.c.objc; path = CAVSceneViewController.m; sourceTree = "<group>"; };
		06A099D01A06CD80008E03C7 /* CAVInteractionLayerViewController.h */ = {isa = PBXFileReference; fileEncoding = 4; lastKnownFileType = sourcecode.c.h; path = CAVInteractionLayerViewController.h; sourceTree = "<group>"; };
		06A099D11A06CD80008E03C7 /* CAVInteractionLayerViewController.m */ = {isa = PBXFileReference; fileEncoding = 4; lastKnownFileType = sourcecode.c.objc; path = CAVInteractionLayerViewController.m; sourceTree = "<group>"; };
		06A099D31A06D1C5008E03C7 /* MapKit.framework */ = {isa = PBXFileReference; lastKnownFileType = wrapper.framework; name = MapKit.framework; path = System/Library/Frameworks/MapKit.framework; sourceTree = SDKROOT; };
		06A099D71A06D354008E03C7 /* GLKit.framework */ = {isa = PBXFileReference; lastKnownFileType = wrapper.framework; name = GLKit.framework; path = System/Library/Frameworks/GLKit.framework; sourceTree = SDKROOT; };
		06A099D91A06D38B008E03C7 /* OpenGLES.framework */ = {isa = PBXFileReference; lastKnownFileType = wrapper.framework; name = OpenGLES.framework; path = System/Library/Frameworks/OpenGLES.framework; sourceTree = SDKROOT; };
		06C54A6C1A103C0E00BF2EFB /* particles-es2.0.v */ = {isa = PBXFileReference; fileEncoding = 4; lastKnownFileType = text; path = "particles-es2.0.v"; sourceTree = "<group>"; };
		06C54A6E1A103C4E00BF2EFB /* particles-es2.0.f */ = {isa = PBXFileReference; fileEncoding = 4; lastKnownFileType = sourcecode.fortran; path = "particles-es2.0.f"; sourceTree = "<group>"; };
		06C54A701A103C8000BF2EFB /* particles-es3.0.v */ = {isa = PBXFileReference; fileEncoding = 4; lastKnownFileType = text; path = "particles-es3.0.v"; sourceTree = "<group>"; };
		06C54A721A103C8B00BF2EFB /* particles-es3.0.f */ = {isa = PBXFileReference; fileEncoding = 4; lastKnownFileType = sourcecode.fortran; path = "particles-es3.0.f"; sourceTree = "<group>"; };
/* End PBXFileReference section */

/* Begin PBXFrameworksBuildPhase section */
		063223A61A06C563003EDF35 /* Frameworks */ = {
			isa = PBXFrameworksBuildPhase;
			buildActionMask = 2147483647;
			files = (
				06A099DB1A06D470008E03C7 /* MapKit.framework in Frameworks */,
				06A099DA1A06D38B008E03C7 /* OpenGLES.framework in Frameworks */,
				06A099D81A06D354008E03C7 /* GLKit.framework in Frameworks */,
				063223AF1A06C563003EDF35 /* CoreGraphics.framework in Frameworks */,
				063223B11A06C563003EDF35 /* UIKit.framework in Frameworks */,
				063223AD1A06C563003EDF35 /* Foundation.framework in Frameworks */,
			);
			runOnlyForDeploymentPostprocessing = 0;
		};
		063223CA1A06C563003EDF35 /* Frameworks */ = {
			isa = PBXFrameworksBuildPhase;
			buildActionMask = 2147483647;
			files = (
				063223CF1A06C563003EDF35 /* XCTest.framework in Frameworks */,
				063223D11A06C563003EDF35 /* UIKit.framework in Frameworks */,
				063223D01A06C563003EDF35 /* Foundation.framework in Frameworks */,
			);
			runOnlyForDeploymentPostprocessing = 0;
		};
/* End PBXFrameworksBuildPhase section */

/* Begin PBXGroup section */
		063223A01A06C563003EDF35 = {
			isa = PBXGroup;
			children = (
				063223B21A06C563003EDF35 /* ComputerAvailabilityVisualizer */,
				063223D41A06C563003EDF35 /* ComputerAvailabilityVisualizerTests */,
				063223AB1A06C563003EDF35 /* Frameworks */,
				063223AA1A06C563003EDF35 /* Products */,
			);
			sourceTree = "<group>";
		};
		063223AA1A06C563003EDF35 /* Products */ = {
			isa = PBXGroup;
			children = (
				063223A91A06C563003EDF35 /* ComputerAvailabilityVisualizer.app */,
				063223CD1A06C563003EDF35 /* ComputerAvailabilityVisualizerTests.xctest */,
			);
			name = Products;
			sourceTree = "<group>";
		};
		063223AB1A06C563003EDF35 /* Frameworks */ = {
			isa = PBXGroup;
			children = (
				06A099D91A06D38B008E03C7 /* OpenGLES.framework */,
				06A099D71A06D354008E03C7 /* GLKit.framework */,
				06A099D31A06D1C5008E03C7 /* MapKit.framework */,
				063223AC1A06C563003EDF35 /* Foundation.framework */,
				063223AE1A06C563003EDF35 /* CoreGraphics.framework */,
				063223B01A06C563003EDF35 /* UIKit.framework */,
				063223CE1A06C563003EDF35 /* XCTest.framework */,
			);
			name = Frameworks;
			sourceTree = "<group>";
		};
		063223B21A06C563003EDF35 /* ComputerAvailabilityVisualizer */ = {
			isa = PBXGroup;
			children = (
				06A099B91A06CBF7008E03C7 /* storyboards */,
				063223BB1A06C563003EDF35 /* CAVAppDelegate.h */,
				06A099BB1A06CC3C008E03C7 /* CAVMapViewController.swift */,
				06A099BD1A06CC8B008E03C7 /* CAVLabAnnotationView.swift */,
				06A099BF1A06CCA4008E03C7 /* CAVParticleAttributes.h */,
				06A099C01A06CCA4008E03C7 /* CAVParticleAttributes.m */,
				06A099C21A06CCC6008E03C7 /* CAVLabDetailsViewController.swift */,
				06A099C41A06CCEF008E03C7 /* CAVLab.h */,
				06A099C51A06CCEF008E03C7 /* CAVLab.m */,
				06A099C71A06CD03008E03C7 /* CAVSharedLabsStore.h */,
				06A099C81A06CD03008E03C7 /* CAVSharedLabsStore.m */,
				06A099CA1A06CD1F008E03C7 /* CAVSharedAlertManager.h */,
				06A099CB1A06CD1F008E03C7 /* CAVSharedAlertManager.m */,
				06A099CD1A06CD41008E03C7 /* CAVSceneViewController.h */,
				06A099CE1A06CD41008E03C7 /* CAVSceneViewController.m */,
				06A099D01A06CD80008E03C7 /* CAVInteractionLayerViewController.h */,
				06A099D11A06CD80008E03C7 /* CAVInteractionLayerViewController.m */,
				063223BC1A06C563003EDF35 /* CAVAppDelegate.m */,
				063223C41A06C563003EDF35 /* CAVViewController.h */,
				063223C51A06C563003EDF35 /* CAVViewController.m */,
				063223C71A06C563003EDF35 /* Images.xcassets */,
				063223B31A06C563003EDF35 /* Supporting Files */,
				06A099BA1A06CC3C008E03C7 /* ComputerAvailabilityVisualizer-Bridging-Header.h */,
			);
			path = ComputerAvailabilityVisualizer;
			sourceTree = "<group>";
		};
		063223B31A06C563003EDF35 /* Supporting Files */ = {
			isa = PBXGroup;
			children = (
				063223B41A06C563003EDF35 /* ComputerAvailabilityVisualizer-Info.plist */,
				063223B51A06C563003EDF35 /* InfoPlist.strings */,
				063223B81A06C563003EDF35 /* main.m */,
				063223BA1A06C563003EDF35 /* ComputerAvailabilityVisualizer-Prefix.pch */,
				06C54A6C1A103C0E00BF2EFB /* particles-es2.0.v */,
				06C54A6E1A103C4E00BF2EFB /* particles-es2.0.f */,
				06C54A701A103C8000BF2EFB /* particles-es3.0.v */,
				06C54A721A103C8B00BF2EFB /* particles-es3.0.f */,
			);
			name = "Supporting Files";
			sourceTree = "<group>";
		};
		063223D41A06C563003EDF35 /* ComputerAvailabilityVisualizerTests */ = {
			isa = PBXGroup;
			children = (
				063223DA1A06C563003EDF35 /* ComputerAvailabilityVisualizerTests.m */,
				063223D51A06C563003EDF35 /* Supporting Files */,
			);
			path = ComputerAvailabilityVisualizerTests;
			sourceTree = "<group>";
		};
		063223D51A06C563003EDF35 /* Supporting Files */ = {
			isa = PBXGroup;
			children = (
				063223D61A06C563003EDF35 /* ComputerAvailabilityVisualizerTests-Info.plist */,
				063223D71A06C563003EDF35 /* InfoPlist.strings */,
			);
			name = "Supporting Files";
			sourceTree = "<group>";
		};
		06A099B91A06CBF7008E03C7 /* storyboards */ = {
			isa = PBXGroup;
			children = (
				06A099B71A06CBE1008E03C7 /* Storyboard.storyboard */,
			);
			name = storyboards;
			sourceTree = "<group>";
		};
/* End PBXGroup section */

/* Begin PBXNativeTarget section */
		063223A81A06C563003EDF35 /* ComputerAvailabilityVisualizer */ = {
			isa = PBXNativeTarget;
			buildConfigurationList = 063223DE1A06C563003EDF35 /* Build configuration list for PBXNativeTarget "ComputerAvailabilityVisualizer" */;
			buildPhases = (
				063223A51A06C563003EDF35 /* Sources */,
				063223A61A06C563003EDF35 /* Frameworks */,
				063223A71A06C563003EDF35 /* Resources */,
			);
			buildRules = (
			);
			dependencies = (
			);
			name = ComputerAvailabilityVisualizer;
			productName = ComputerAvailabilityVisualizer;
			productReference = 063223A91A06C563003EDF35 /* ComputerAvailabilityVisualizer.app */;
			productType = "com.apple.product-type.application";
		};
		063223CC1A06C563003EDF35 /* ComputerAvailabilityVisualizerTests */ = {
			isa = PBXNativeTarget;
			buildConfigurationList = 063223E11A06C563003EDF35 /* Build configuration list for PBXNativeTarget "ComputerAvailabilityVisualizerTests" */;
			buildPhases = (
				063223C91A06C563003EDF35 /* Sources */,
				063223CA1A06C563003EDF35 /* Frameworks */,
				063223CB1A06C563003EDF35 /* Resources */,
			);
			buildRules = (
			);
			dependencies = (
				063223D31A06C563003EDF35 /* PBXTargetDependency */,
			);
			name = ComputerAvailabilityVisualizerTests;
			productName = ComputerAvailabilityVisualizerTests;
			productReference = 063223CD1A06C563003EDF35 /* ComputerAvailabilityVisualizerTests.xctest */;
			productType = "com.apple.product-type.bundle.unit-test";
		};
/* End PBXNativeTarget section */

/* Begin PBXProject section */
		063223A11A06C563003EDF35 /* Project object */ = {
			isa = PBXProject;
			attributes = {
				CLASSPREFIX = CAV;
				LastUpgradeCheck = 0510;
				ORGANIZATIONNAME = "Blake Harrison";
				TargetAttributes = {
					063223CC1A06C563003EDF35 = {
						TestTargetID = 063223A81A06C563003EDF35;
					};
				};
			};
			buildConfigurationList = 063223A41A06C563003EDF35 /* Build configuration list for PBXProject "ComputerAvailabilityVisualizer" */;
			compatibilityVersion = "Xcode 3.2";
			developmentRegion = English;
			hasScannedForEncodings = 0;
			knownRegions = (
				en,
				Base,
			);
			mainGroup = 063223A01A06C563003EDF35;
			productRefGroup = 063223AA1A06C563003EDF35 /* Products */;
			projectDirPath = "";
			projectRoot = "";
			targets = (
				063223A81A06C563003EDF35 /* ComputerAvailabilityVisualizer */,
				063223CC1A06C563003EDF35 /* ComputerAvailabilityVisualizerTests */,
			);
		};
/* End PBXProject section */

/* Begin PBXResourcesBuildPhase section */
		063223A71A06C563003EDF35 /* Resources */ = {
			isa = PBXResourcesBuildPhase;
			buildActionMask = 2147483647;
			files = (
				06C54A711A103C8000BF2EFB /* particles-es3.0.v in Resources */,
				063223C81A06C563003EDF35 /* Images.xcassets in Resources */,
				06C54A6D1A103C0E00BF2EFB /* particles-es2.0.v in Resources */,
				063223B71A06C563003EDF35 /* InfoPlist.strings in Resources */,
				06A099B81A06CBE1008E03C7 /* Storyboard.storyboard in Resources */,
			);
			runOnlyForDeploymentPostprocessing = 0;
		};
		063223CB1A06C563003EDF35 /* Resources */ = {
			isa = PBXResourcesBuildPhase;
			buildActionMask = 2147483647;
			files = (
				063223D91A06C563003EDF35 /* InfoPlist.strings in Resources */,
			);
			runOnlyForDeploymentPostprocessing = 0;
		};
/* End PBXResourcesBuildPhase section */

/* Begin PBXSourcesBuildPhase section */
		063223A51A06C563003EDF35 /* Sources */ = {
			isa = PBXSourcesBuildPhase;
			buildActionMask = 2147483647;
			files = (
				06A099BC1A06CC3C008E03C7 /* CAVMapViewController.swift in Sources */,
				06A099C11A06CCA4008E03C7 /* CAVParticleAttributes.m in Sources */,
				063223B91A06C563003EDF35 /* main.m in Sources */,
				06C54A6F1A103C4E00BF2EFB /* particles-es2.0.f in Sources */,
				06C54A731A103C8B00BF2EFB /* particles-es3.0.f in Sources */,
				06A099CF1A06CD41008E03C7 /* CAVSceneViewController.m in Sources */,
				06A099D21A06CD80008E03C7 /* CAVInteractionLayerViewController.m in Sources */,
				06A099BE1A06CC8B008E03C7 /* CAVLabAnnotationView.swift in Sources */,
				06A099C61A06CCEF008E03C7 /* CAVLab.m in Sources */,
				06A099C91A06CD03008E03C7 /* CAVSharedLabsStore.m in Sources */,
				063223BD1A06C563003EDF35 /* CAVAppDelegate.m in Sources */,
				06A099C31A06CCC6008E03C7 /* CAVLabDetailsViewController.swift in Sources */,
				06A099CC1A06CD1F008E03C7 /* CAVSharedAlertManager.m in Sources */,
				063223C61A06C563003EDF35 /* CAVViewController.m in Sources */,
			);
			runOnlyForDeploymentPostprocessing = 0;
		};
		063223C91A06C563003EDF35 /* Sources */ = {
			isa = PBXSourcesBuildPhase;
			buildActionMask = 2147483647;
			files = (
				063223DB1A06C563003EDF35 /* ComputerAvailabilityVisualizerTests.m in Sources */,
			);
			runOnlyForDeploymentPostprocessing = 0;
		};
/* End PBXSourcesBuildPhase section */

/* Begin PBXTargetDependency section */
		063223D31A06C563003EDF35 /* PBXTargetDependency */ = {
			isa = PBXTargetDependency;
			target = 063223A81A06C563003EDF35 /* ComputerAvailabilityVisualizer */;
			targetProxy = 063223D21A06C563003EDF35 /* PBXContainerItemProxy */;
		};
/* End PBXTargetDependency section */

/* Begin PBXVariantGroup section */
		063223B51A06C563003EDF35 /* InfoPlist.strings */ = {
			isa = PBXVariantGroup;
			children = (
				063223B61A06C563003EDF35 /* en */,
			);
			name = InfoPlist.strings;
			sourceTree = "<group>";
		};
		063223D71A06C563003EDF35 /* InfoPlist.strings */ = {
			isa = PBXVariantGroup;
			children = (
				063223D81A06C563003EDF35 /* en */,
			);
			name = InfoPlist.strings;
			sourceTree = "<group>";
		};
/* End PBXVariantGroup section */

/* Begin XCBuildConfiguration section */
		063223DC1A06C563003EDF35 /* Debug */ = {
			isa = XCBuildConfiguration;
			buildSettings = {
				ALWAYS_SEARCH_USER_PATHS = NO;
				CLANG_CXX_LANGUAGE_STANDARD = "gnu++0x";
				CLANG_CXX_LIBRARY = "libc++";
				CLANG_ENABLE_MODULES = YES;
				CLANG_ENABLE_OBJC_ARC = YES;
				CLANG_WARN_BOOL_CONVERSION = YES;
				CLANG_WARN_CONSTANT_CONVERSION = YES;
				CLANG_WARN_DIRECT_OBJC_ISA_USAGE = YES_ERROR;
				CLANG_WARN_EMPTY_BODY = YES;
				CLANG_WARN_ENUM_CONVERSION = YES;
				CLANG_WARN_INT_CONVERSION = YES;
				CLANG_WARN_OBJC_ROOT_CLASS = YES_ERROR;
				CLANG_WARN__DUPLICATE_METHOD_MATCH = YES;
				"CODE_SIGN_IDENTITY[sdk=iphoneos*]" = "iPhone Developer";
				COPY_PHASE_STRIP = NO;
				GCC_C_LANGUAGE_STANDARD = gnu99;
				GCC_DYNAMIC_NO_PIC = NO;
				GCC_OPTIMIZATION_LEVEL = 0;
				GCC_PREPROCESSOR_DEFINITIONS = (
					"DEBUG=1",
					"$(inherited)",
				);
				GCC_SYMBOLS_PRIVATE_EXTERN = NO;
				GCC_WARN_64_TO_32_BIT_CONVERSION = YES;
				GCC_WARN_ABOUT_RETURN_TYPE = YES_ERROR;
				GCC_WARN_UNDECLARED_SELECTOR = YES;
				GCC_WARN_UNINITIALIZED_AUTOS = YES_AGGRESSIVE;
				GCC_WARN_UNUSED_FUNCTION = YES;
				GCC_WARN_UNUSED_VARIABLE = YES;
				IPHONEOS_DEPLOYMENT_TARGET = 7.1;
				ONLY_ACTIVE_ARCH = YES;
				SDKROOT = iphoneos;
				TARGETED_DEVICE_FAMILY = "1,2";
			};
			name = Debug;
		};
		063223DD1A06C563003EDF35 /* Release */ = {
			isa = XCBuildConfiguration;
			buildSettings = {
				ALWAYS_SEARCH_USER_PATHS = NO;
				CLANG_CXX_LANGUAGE_STANDARD = "gnu++0x";
				CLANG_CXX_LIBRARY = "libc++";
				CLANG_ENABLE_MODULES = YES;
				CLANG_ENABLE_OBJC_ARC = YES;
				CLANG_WARN_BOOL_CONVERSION = YES;
				CLANG_WARN_CONSTANT_CONVERSION = YES;
				CLANG_WARN_DIRECT_OBJC_ISA_USAGE = YES_ERROR;
				CLANG_WARN_EMPTY_BODY = YES;
				CLANG_WARN_ENUM_CONVERSION = YES;
				CLANG_WARN_INT_CONVERSION = YES;
				CLANG_WARN_OBJC_ROOT_CLASS = YES_ERROR;
				CLANG_WARN__DUPLICATE_METHOD_MATCH = YES;
				"CODE_SIGN_IDENTITY[sdk=iphoneos*]" = "iPhone Developer";
				COPY_PHASE_STRIP = YES;
				ENABLE_NS_ASSERTIONS = NO;
				GCC_C_LANGUAGE_STANDARD = gnu99;
				GCC_WARN_64_TO_32_BIT_CONVERSION = YES;
				GCC_WARN_ABOUT_RETURN_TYPE = YES_ERROR;
				GCC_WARN_UNDECLARED_SELECTOR = YES;
				GCC_WARN_UNINITIALIZED_AUTOS = YES_AGGRESSIVE;
				GCC_WARN_UNUSED_FUNCTION = YES;
				GCC_WARN_UNUSED_VARIABLE = YES;
				IPHONEOS_DEPLOYMENT_TARGET = 7.1;
				SDKROOT = iphoneos;
				TARGETED_DEVICE_FAMILY = "1,2";
				VALIDATE_PRODUCT = YES;
			};
			name = Release;
		};
		063223DF1A06C563003EDF35 /* Debug */ = {
			isa = XCBuildConfiguration;
			buildSettings = {
				ASSETCATALOG_COMPILER_APPICON_NAME = AppIcon;
				ASSETCATALOG_COMPILER_LAUNCHIMAGE_NAME = LaunchImage;
				CLANG_ENABLE_MODULES = YES;
				GCC_PRECOMPILE_PREFIX_HEADER = YES;
				GCC_PREFIX_HEADER = "ComputerAvailabilityVisualizer/ComputerAvailabilityVisualizer-Prefix.pch";
				INFOPLIST_FILE = "ComputerAvailabilityVisualizer/ComputerAvailabilityVisualizer-Info.plist";
				IPHONEOS_DEPLOYMENT_TARGET = 8.1;
				LD_RUNPATH_SEARCH_PATHS = "$(inherited) @executable_path/Frameworks";
				PRODUCT_NAME = "$(TARGET_NAME)";
				SWIFT_OBJC_BRIDGING_HEADER = "ComputerAvailabilityVisualizer/ComputerAvailabilityVisualizer-Bridging-Header.h";
				SWIFT_OPTIMIZATION_LEVEL = "-Onone";
				WRAPPER_EXTENSION = app;
			};
			name = Debug;
		};
		063223E01A06C563003EDF35 /* Release */ = {
			isa = XCBuildConfiguration;
			buildSettings = {
				ASSETCATALOG_COMPILER_APPICON_NAME = AppIcon;
				ASSETCATALOG_COMPILER_LAUNCHIMAGE_NAME = LaunchImage;
				CLANG_ENABLE_MODULES = YES;
				GCC_PRECOMPILE_PREFIX_HEADER = YES;
				GCC_PREFIX_HEADER = "ComputerAvailabilityVisualizer/ComputerAvailabilityVisualizer-Prefix.pch";
				INFOPLIST_FILE = "ComputerAvailabilityVisualizer/ComputerAvailabilityVisualizer-Info.plist";
				IPHONEOS_DEPLOYMENT_TARGET = 8.1;
				LD_RUNPATH_SEARCH_PATHS = "$(inherited) @executable_path/Frameworks";
				PRODUCT_NAME = "$(TARGET_NAME)";
				SWIFT_OBJC_BRIDGING_HEADER = "ComputerAvailabilityVisualizer/ComputerAvailabilityVisualizer-Bridging-Header.h";
				WRAPPER_EXTENSION = app;
			};
			name = Release;
		};
		063223E21A06C563003EDF35 /* Debug */ = {
			isa = XCBuildConfiguration;
			buildSettings = {
				BUNDLE_LOADER = "$(BUILT_PRODUCTS_DIR)/ComputerAvailabilityVisualizer.app/ComputerAvailabilityVisualizer";
				FRAMEWORK_SEARCH_PATHS = (
					"$(SDKROOT)/Developer/Library/Frameworks",
					"$(inherited)",
					"$(DEVELOPER_FRAMEWORKS_DIR)",
				);
				GCC_PRECOMPILE_PREFIX_HEADER = YES;
				GCC_PREFIX_HEADER = "ComputerAvailabilityVisualizer/ComputerAvailabilityVisualizer-Prefix.pch";
				GCC_PREPROCESSOR_DEFINITIONS = (
					"DEBUG=1",
					"$(inherited)",
				);
				INFOPLIST_FILE = "ComputerAvailabilityVisualizerTests/ComputerAvailabilityVisualizerTests-Info.plist";
				PRODUCT_NAME = "$(TARGET_NAME)";
				TEST_HOST = "$(BUNDLE_LOADER)";
				WRAPPER_EXTENSION = xctest;
			};
			name = Debug;
		};
		063223E31A06C563003EDF35 /* Release */ = {
			isa = XCBuildConfiguration;
			buildSettings = {
				BUNDLE_LOADER = "$(BUILT_PRODUCTS_DIR)/ComputerAvailabilityVisualizer.app/ComputerAvailabilityVisualizer";
				FRAMEWORK_SEARCH_PATHS = (
					"$(SDKROOT)/Developer/Library/Frameworks",
					"$(inherited)",
					"$(DEVELOPER_FRAMEWORKS_DIR)",
				);
				GCC_PRECOMPILE_PREFIX_HEADER = YES;
				GCC_PREFIX_HEADER = "ComputerAvailabilityVisualizer/ComputerAvailabilityVisualizer-Prefix.pch";
				INFOPLIST_FILE = "ComputerAvailabilityVisualizerTests/ComputerAvailabilityVisualizerTests-Info.plist";
				PRODUCT_NAME = "$(TARGET_NAME)";
				TEST_HOST = "$(BUNDLE_LOADER)";
				WRAPPER_EXTENSION = xctest;
			};
			name = Release;
		};
/* End XCBuildConfiguration section */

/* Begin XCConfigurationList section */
		063223A41A06C563003EDF35 /* Build configuration list for PBXProject "ComputerAvailabilityVisualizer" */ = {
			isa = XCConfigurationList;
			buildConfigurations = (
				063223DC1A06C563003EDF35 /* Debug */,
				063223DD1A06C563003EDF35 /* Release */,
			);
			defaultConfigurationIsVisible = 0;
			defaultConfigurationName = Release;
		};
		063223DE1A06C563003EDF35 /* Build configuration list for PBXNativeTarget "ComputerAvailabilityVisualizer" */ = {
			isa = XCConfigurationList;
			buildConfigurations = (
				063223DF1A06C563003EDF35 /* Debug */,
				063223E01A06C563003EDF35 /* Release */,
			);
			defaultConfigurationIsVisible = 0;
			defaultConfigurationName = Release;
		};
		063223E11A06C563003EDF35 /* Build configuration list for PBXNativeTarget "ComputerAvailabilityVisualizerTests" */ = {
			isa = XCConfigurationList;
			buildConfigurations = (
				063223E21A06C563003EDF35 /* Debug */,
				063223E31A06C563003EDF35 /* Release */,
			);
			defaultConfigurationIsVisible = 0;
			defaultConfigurationName = Release;
		};
/* End XCConfigurationList section */
	};
	rootObject = 063223A11A06C563003EDF35 /* Project object */;
}
